{
  "nodes": {
    "hjem": {
      "inputs": {
        "nixpkgs": [
          "nixpkgs"
        ]
      },
      "locked": {
        "lastModified": 1789234255,
        "narHash": "sha256-0nvWuRbgL4GEKpR8Y4wsB3kmsVgyd0cW8kLHc2BqlTc=",
        "owner": "feel-co",
        "repo": "hjem",
        "rev": "e5e30b4320a8cbcd6cdfc65f044763669a8f0363",
        "type": "github"
      },
      "original": {
        "owner": "feel-co",
        "repo": "hjem",
        "type": "github"
      }
    },
    "mobile-nixos": {
      "flake": false,
      "locked": {
        "lastModified": 1772289954,
        "narHash": "sha256-iDdtwk/dFb6AsXMtcOpZixxXl6C1HNUPe6cglxxHO7M=",
        "owner": "mobile-nixos",
        "repo": "mobile-nixos",
        "rev": "1a9e0af79dc7b5e29ed772f1a8a76fcbd9d45fdf",
        "type": "github"
      },
      "original": {
        "owner": "mobile-nixos",
        "ref": "development",
        "repo": "mobile-nixos",
        "type": "github"
      }
    },
    "nixpkgs": {
      "locked": {
        "lastModified": 1781074563,
        "narHash": "sha256-md8WlXOlfnIeHeOScMTTHFyf2d6iaTwPl2apR5EQ3P4=",
        "owner": "NixOS",
        "repo": "nixpkgs",
        "rev": "9ae611a455b90cf061d8f332b977e387bda8e1ca",
        "type": "github"
      },
      "original": {
        "owner": "NixOS",
        "ref": "nixos-unstable",
        "repo": "nixpkgs",
        "type": "github"
      }
    },
    "nixpkgs_2": {
      "locked": {
        "lastModified": 1789149629,
        "narHash": "sha256-eQUZVehWLDBbpBR2rq6DnuRee1ULT6Y675RhsYDSjYI=",
        "rev": "eaad089433ca2bb662274377d33df3d0e51ef28b",
        "type": "tarball",
        "url": "https://releases.nixos.org/nixos/unstable/nixos-26.11pre1072397.eaad089433ca/nixexprs.tar.zst"
      },
      "original": {
        "type": "tarball",
        "url": "https://channels.nixos.org/nixos-unstable/nixexprs.tar.zst"
      }
    },
    "nixpkgs_3": {
      "locked": {
        "lastModified": 1781074563,
        "narHash": "sha256-md8WlXOlfnIeHeOScMTTHFyf2d6iaTwPl2apR5EQ3P4=",
        "owner": "NixOS",
        "repo": "nixpkgs",
        "rev": "9ae611a455b90cf061d8f332b977e387bda8e1ca",
        "type": "github"
      },
      "original": {
        "owner": "NixOS",
        "ref": "nixos-unstable",
        "repo": "nixpkgs",
        "type": "github"
      }
    },
    "noctalia": {
      "inputs": {
        "nixpkgs": "nixpkgs_2"
      },
      "locked": {
        "lastModified": 1789735339,
        "narHash": "sha256-KjnprW4lpS4ISCBnoNxlI9++LACjxlsQV7WWNT4cju8=",
        "owner": "noctalia-dev",
        "repo": "noctalia",
        "rev": "960d4d46bd3149a556504e7c40ecd87abb251a36",
        "type": "github"
      },
      "original": {
        "owner": "noctalia-dev",
        "ref": "cachix",
        "repo": "noctalia",
        "type": "github"
      }
    },
    "root": {
      "inputs": {
        "hjem": "hjem",
        "mobile-nixos": "mobile-nixos",
        "nixpkgs": "nixpkgs",
        "noctalia": "noctalia",
        "shengFirmware": "shengFirmware",
        "shengKernelSrc": "shengKernelSrc"
      }
    },
    "shengFirmware": {
      "inputs": {
        "nixpkgs": "nixpkgs_3"
      },
      "locked": {
        "lastModified": 1780941415,
        "narHash": "sha256-rBdxYltwcz+VpgcpmCuGJOUxKMc0vhclm41+0MMxnlQ=",
        "owner": "DotRedstone",
        "repo": "sheng-firmware-full",
        "rev": "719086ce25222dcc54920ae12409eb5d4401bbff",
        "type": "github"
      },
      "original": {
        "owner": "DotRedstone",
        "repo": "sheng-firmware-full",
        "rev": "719086ce25222dcc54920ae12409eb5d4401bbff",
        "type": "github"
      }
    },
    "shengKernelSrc": {
      "flake": false,
      "locked": {
        "lastModified": 1786938194,
        "narHash": "sha256-qFt0QRxf0uGSe5K0J4bi+WSW7hWRd7BDOBfqd5pnTjw=",
        "owner": "map220v",
        "repo": "sm8550-mainline",
        "rev": "f6e265ec752f3bbf31a49860d9d13ed2762036ec",
        "type": "github"
      },
      "original": {
        "owner": "map220v",
        "ref": "sheng-7.2",
        "repo": "sm8550-mainline",
        "type": "github"
      }
    }
  },
  "root": "root",
  "version": 7
}
